// !$*UTF8*$!
{
	archiveVersion = 1;
	classes = {
	};
	objectVersion = 46;
	objects = {

/* Begin PBXBuildFile section */
		7925F9A817B9B7260007B877 /* Foundation.framework in Frameworks */ = {isa = PBXBuildFile; fileRef = 7925F9A717B9B7260007B877 /* Foundation.framework */; };
		7925F9AA17B9B7260007B877 /* CoreGraphics.framework in Frameworks */ = {isa = PBXBuildFile; fileRef = 7925F9A917B9B7260007B877 /* CoreGraphics.framework */; };
		7925F9AC17B9B7260007B877 /* UIKit.framework in Frameworks */ = {isa = PBXBuildFile; fileRef = 7925F9AB17B9B7260007B877 /* UIKit.framework */; };
		7925F9B217B9B7260007B877 /* InfoPlist.strings in Resources */ = {isa = PBXBuildFile; fileRef = 7925F9B017B9B7260007B877 /* InfoPlist.strings */; };
		7925F9B417B9B7260007B877 /* main.m in Sources */ = {isa = PBXBuildFile; fileRef = 7925F9B317B9B7260007B877 /* main.m */; };
		7925F9B817B9B7260007B877 /* CardGameAppDelegate.m in Sources */ = {isa = PBXBuildFile; fileRef = 7925F9B717B9B7260007B877 /* CardGameAppDelegate.m */; };
		7925F9BB17B9B7270007B877 /* Main.storyboard in Resources */ = {isa = PBXBuildFile; fileRef = 7925F9B917B9B7260007B877 /* Main.storyboard */; };
		7925F9BE17B9B7270007B877 /* CardGameViewController.m in Sources */ = {isa = PBXBuildFile; fileRef = 7925F9BD17B9B7270007B877 /* CardGameViewController.m */; };
		7925F9C017B9B7270007B877 /* Images.xcassets in Resources */ = {isa = PBXBuildFile; fileRef = 7925F9BF17B9B7270007B877 /* Images.xcassets */; };
		7925F9C717B9B7270007B877 /* XCTest.framework in Frameworks */ = {isa = PBXBuildFile; fileRef = 7925F9C617B9B7270007B877 /* XCTest.framework */; };
		7925F9C817B9B7270007B877 /* Foundation.framework in Frameworks */ = {isa = PBXBuildFile; fileRef = 7925F9A717B9B7260007B877 /* Foundation.framework */; };
		7925F9C917B9B7270007B877 /* UIKit.framework in Frameworks */ = {isa = PBXBuildFile; fileRef = 7925F9AB17B9B7260007B877 /* UIKit.framework */; };
		7925F9D117B9B7270007B877 /* InfoPlist.strings in Resources */ = {isa = PBXBuildFile; fileRef = 7925F9CF17B9B7270007B877 /* InfoPlist.strings */; };
		7925F9D317B9B7270007B877 /* MatchismoTests.m in Sources */ = {isa = PBXBuildFile; fileRef = 7925F9D217B9B7270007B877 /* MatchismoTests.m */; };
		7938C00217C46AAB000D8CBB /* emotMatchingGame.m in Sources */ = {isa = PBXBuildFile; fileRef = 7938C00117C46AAB000D8CBB /* emotMatchingGame.m */; };
		7938C00517C46B8A000D8CBB /* EmotCard.m in Sources */ = {isa = PBXBuildFile; fileRef = 7938C00417C46B8A000D8CBB /* EmotCard.m */; };
		79C6FB3517BA835A0022BB4E /* Card.m in Sources */ = {isa = PBXBuildFile; fileRef = 79C6FB3417BA835A0022BB4E /* Card.m */; };
		79C6FB3817BA88A10022BB4E /* PlayingCard.m in Sources */ = {isa = PBXBuildFile; fileRef = 79C6FB3717BA88A10022BB4E /* PlayingCard.m */; };
		79C8E9B217BB0F54001D7836 /* Deck.m in Sources */ = {isa = PBXBuildFile; fileRef = 79C8E9B117BB0F54001D7836 /* Deck.m */; };
		79C8E9B517BB15EB001D7836 /* PlayingCardDeck.m in Sources */ = {isa = PBXBuildFile; fileRef = 79C8E9B417BB15EB001D7836 /* PlayingCardDeck.m */; };
		79D9DF8A17BBF91400B47771 /* CardMatchingGame.m in Sources */ = {isa = PBXBuildFile; fileRef = 79D9DF8917BBF91400B47771 /* CardMatchingGame.m */; };
		79DA163417C46E7B00C77860 /* EmotCardDeck.m in Sources */ = {isa = PBXBuildFile; fileRef = 79DA163317C46E7B00C77860 /* EmotCardDeck.m */; };
		79DA163A17C472A600C77860 /* PictureGameViewController.m in Sources */ = {isa = PBXBuildFile; fileRef = 79DA163917C472A600C77860 /* PictureGameViewController.m */; };
/* End PBXBuildFile section */

/* Begin PBXContainerItemProxy section */
		7925F9CA17B9B7270007B877 /* PBXContainerItemProxy */ = {
			isa = PBXContainerItemProxy;
			containerPortal = 7925F99C17B9B7260007B877 /* Project object */;
			proxyType = 1;
			remoteGlobalIDString = 7925F9A317B9B7260007B877;
			remoteInfo = Matchismo;
		};
/* End PBXContainerItemProxy section */

/* Begin PBXFileReference section */
		7925F9A417B9B7260007B877 /* Matchismo.app */ = {isa = PBXFileReference; explicitFileType = wrapper.application; includeInIndex = 0; path = Matchismo.app; sourceTree = BUILT_PRODUCTS_DIR; };
		7925F9A717B9B7260007B877 /* Foundation.framework */ = {isa = PBXFileReference; lastKnownFileType = wrapper.framework; name = Foundation.framework; path = System/Library/Frameworks/Foundation.framework; sourceTree = SDKROOT; };
		7925F9A917B9B7260007B877 /* CoreGraphics.framework */ = {isa = PBXFileReference; lastKnownFileType = wrapper.framework; name = CoreGraphics.framework; path = System/Library/Frameworks/CoreGraphics.framework; sourceTree = SDKROOT; };
		7925F9AB17B9B7260007B877 /* UIKit.framework */ = {isa = PBXFileReference; lastKnownFileType = wrapper.framework; name = UIKit.framework; path = System/Library/Frameworks/UIKit.framework; sourceTree = SDKROOT; };
		7925F9AF17B9B7260007B877 /* Matchismo-Info.plist */ = {isa = PBXFileReference; lastKnownFileType = text.plist.xml; path = "Matchismo-Info.plist"; sourceTree = "<group>"; };
		7925F9B117B9B7260007B877 /* en */ = {isa = PBXFileReference; lastKnownFileType = text.plist.strings; name = en; path = en.lproj/InfoPlist.strings; sourceTree = "<group>"; };
		7925F9B317B9B7260007B877 /* main.m */ = {isa = PBXFileReference; lastKnownFileType = sourcecode.c.objc; path = main.m; sourceTree = "<group>"; };
		7925F9B517B9B7260007B877 /* Matchismo-Prefix.pch */ = {isa = PBXFileReference; lastKnownFileType = sourcecode.c.h; path = "Matchismo-Prefix.pch"; sourceTree = "<group>"; };
		7925F9B617B9B7260007B877 /* CardGameAppDelegate.h */ = {isa = PBXFileReference; lastKnownFileType = sourcecode.c.h; path = CardGameAppDelegate.h; sourceTree = "<group>"; };
		7925F9B717B9B7260007B877 /* CardGameAppDelegate.m */ = {isa = PBXFileReference; lastKnownFileType = sourcecode.c.objc; path = CardGameAppDelegate.m; sourceTree = "<group>"; };
		7925F9BA17B9B7270007B877 /* Base */ = {isa = PBXFileReference; lastKnownFileType = file.storyboard; name = Base; path = Base.lproj/Main.storyboard; sourceTree = "<group>"; };
		7925F9BC17B9B7270007B877 /* CardGameViewController.h */ = {isa = PBXFileReference; lastKnownFileType = sourcecode.c.h; path = CardGameViewController.h; sourceTree = "<group>"; };
		7925F9BD17B9B7270007B877 /* CardGameViewController.m */ = {isa = PBXFileReference; lastKnownFileType = sourcecode.c.objc; path = CardGameViewController.m; sourceTree = "<group>"; };
		7925F9BF17B9B7270007B877 /* Images.xcassets */ = {isa = PBXFileReference; lastKnownFileType = folder.assetcatalog; path = Images.xcassets; sourceTree = "<group>"; };
		7925F9C517B9B7270007B877 /* MatchismoTests.xctest */ = {isa = PBXFileReference; explicitFileType = wrapper.cfbundle; includeInIndex = 0; path = MatchismoTests.xctest; sourceTree = BUILT_PRODUCTS_DIR; };
		7925F9C617B9B7270007B877 /* XCTest.framework */ = {isa = PBXFileReference; lastKnownFileType = wrapper.framework; name = XCTest.framework; path = Library/Frameworks/XCTest.framework; sourceTree = DEVELOPER_DIR; };
		7925F9CE17B9B7270007B877 /* MatchismoTests-Info.plist */ = {isa = PBXFileReference; lastKnownFileType = text.plist.xml; path = "MatchismoTests-Info.plist"; sourceTree = "<group>"; };
		7925F9D017B9B7270007B877 /* en */ = {isa = PBXFileReference; lastKnownFileType = text.plist.strings; name = en; path = en.lproj/InfoPlist.strings; sourceTree = "<group>"; };
		7925F9D217B9B7270007B877 /* MatchismoTests.m */ = {isa = PBXFileReference; lastKnownFileType = sourcecode.c.objc; path = MatchismoTests.m; sourceTree = "<group>"; };
		7938C00017C46AAB000D8CBB /* emotMatchingGame.h */ = {isa = PBXFileReference; fileEncoding = 4; lastKnownFileType = sourcecode.c.h; path = emotMatchingGame.h; sourceTree = "<group>"; };
		7938C00117C46AAB000D8CBB /* emotMatchingGame.m */ = {isa = PBXFileReference; fileEncoding = 4; lastKnownFileType = sourcecode.c.objc; path = emotMatchingGame.m; sourceTree = "<group>"; };
		7938C00317C46B8A000D8CBB /* EmotCard.h */ = {isa = PBXFileReference; fileEncoding = 4; lastKnownFileType = sourcecode.c.h; path = EmotCard.h; sourceTree = "<group>"; };
		7938C00417C46B8A000D8CBB /* EmotCard.m */ = {isa = PBXFileReference; fileEncoding = 4; lastKnownFileType = sourcecode.c.objc; path = EmotCard.m; sourceTree = "<group>"; };
		79C6FB3317BA835A0022BB4E /* Card.h */ = {isa = PBXFileReference; fileEncoding = 4; lastKnownFileType = sourcecode.c.h; path = Card.h; sourceTree = "<group>"; };
		79C6FB3417BA835A0022BB4E /* Card.m */ = {isa = PBXFileReference; fileEncoding = 4; lastKnownFileType = sourcecode.c.objc; path = Card.m; sourceTree = "<group>"; };
		79C6FB3617BA88A10022BB4E /* PlayingCard.h */ = {isa = PBXFileReference; fileEncoding = 4; lastKnownFileType = sourcecode.c.h; path = PlayingCard.h; sourceTree = "<group>"; };
		79C6FB3717BA88A10022BB4E /* PlayingCard.m */ = {isa = PBXFileReference; fileEncoding = 4; lastKnownFileType = sourcecode.c.objc; path = PlayingCard.m; sourceTree = "<group>"; };
		79C8E9B017BB0F54001D7836 /* Deck.h */ = {isa = PBXFileReference; fileEncoding = 4; lastKnownFileType = sourcecode.c.h; path = Deck.h; sourceTree = "<group>"; };
		79C8E9B117BB0F54001D7836 /* Deck.m */ = {isa = PBXFileReference; fileEncoding = 4; lastKnownFileType = sourcecode.c.objc; path = Deck.m; sourceTree = "<group>"; };
		79C8E9B317BB15EB001D7836 /* PlayingCardDeck.h */ = {isa = PBXFileReference; fileEncoding = 4; lastKnownFileType = sourcecode.c.h; path = PlayingCardDeck.h; sourceTree = "<group>"; };
		79C8E9B417BB15EB001D7836 /* PlayingCardDeck.m */ = {isa = PBXFileReference; fileEncoding = 4; lastKnownFileType = sourcecode.c.objc; path = PlayingCardDeck.m; sourceTree = "<group>"; };
		79D9DF8817BBF91400B47771 /* CardMatchingGame.h */ = {isa = PBXFileReference; fileEncoding = 4; lastKnownFileType = sourcecode.c.h; path = CardMatchingGame.h; sourceTree = "<group>"; };
		79D9DF8917BBF91400B47771 /* CardMatchingGame.m */ = {isa = PBXFileReference; fileEncoding = 4; lastKnownFileType = sourcecode.c.objc; path = CardMatchingGame.m; sourceTree = "<group>"; };
		79DA163217C46E7B00C77860 /* EmotCardDeck.h */ = {isa = PBXFileReference; fileEncoding = 4; lastKnownFileType = sourcecode.c.h; path = EmotCardDeck.h; sourceTree = "<group>"; };
		79DA163317C46E7B00C77860 /* EmotCardDeck.m */ = {isa = PBXFileReference; fileEncoding = 4; lastKnownFileType = sourcecode.c.objc; path = EmotCardDeck.m; sourceTree = "<group>"; };
		79DA163817C472A600C77860 /* PictureGameViewController.h */ = {isa = PBXFileReference; fileEncoding = 4; lastKnownFileType = sourcecode.c.h; path = PictureGameViewController.h; sourceTree = "<group>"; };
		79DA163917C472A600C77860 /* PictureGameViewController.m */ = {isa = PBXFileReference; fileEncoding = 4; lastKnownFileType = sourcecode.c.objc; path = PictureGameViewController.m; sourceTree = "<group>"; };
/* End PBXFileReference section */

/* Begin PBXFrameworksBuildPhase section */
		7925F9A117B9B7260007B877 /* Frameworks */ = {
			isa = PBXFrameworksBuildPhase;
			buildActionMask = 2147483647;
			files = (
				7925F9AA17B9B7260007B877 /* CoreGraphics.framework in Frameworks */,
				7925F9AC17B9B7260007B877 /* UIKit.framework in Frameworks */,
				7925F9A817B9B7260007B877 /* Foundation.framework in Frameworks */,
			);
			runOnlyForDeploymentPostprocessing = 0;
		};
		7925F9C217B9B7270007B877 /* Frameworks */ = {
			isa = PBXFrameworksBuildPhase;
			buildActionMask = 2147483647;
			files = (
				7925F9C717B9B7270007B877 /* XCTest.framework in Frameworks */,
				7925F9C917B9B7270007B877 /* UIKit.framework in Frameworks */,
				7925F9C817B9B7270007B877 /* Foundation.framework in Frameworks */,
			);
			runOnlyForDeploymentPostprocessing = 0;
		};
/* End PBXFrameworksBuildPhase section */

/* Begin PBXGroup section */
		7925F99B17B9B7260007B877 = {
			isa = PBXGroup;
			children = (
				7925F9AD17B9B7260007B877 /* Matchismo */,
				7925F9CC17B9B7270007B877 /* MatchismoTests */,
				7925F9A617B9B7260007B877 /* Frameworks */,
				7925F9A517B9B7260007B877 /* Products */,
			);
			sourceTree = "<group>";
		};
		7925F9A517B9B7260007B877 /* Products */ = {
			isa = PBXGroup;
			children = (
				7925F9A417B9B7260007B877 /* Matchismo.app */,
				7925F9C517B9B7270007B877 /* MatchismoTests.xctest */,
			);
			name = Products;
			sourceTree = "<group>";
		};
		7925F9A617B9B7260007B877 /* Frameworks */ = {
			isa = PBXGroup;
			children = (
				7925F9A717B9B7260007B877 /* Foundation.framework */,
				7925F9A917B9B7260007B877 /* CoreGraphics.framework */,
				7925F9AB17B9B7260007B877 /* UIKit.framework */,
				7925F9C617B9B7270007B877 /* XCTest.framework */,
			);
			name = Frameworks;
			sourceTree = "<group>";
		};
		7925F9AD17B9B7260007B877 /* Matchismo */ = {
			isa = PBXGroup;
			children = (
				79C6FB3017BA81300022BB4E /* model */,
				79C6FB3217BA81B10022BB4E /* controller */,
				79C6FB3117BA81910022BB4E /* view */,
				7925F9AE17B9B7260007B877 /* Supporting Files */,
			);
			path = Matchismo;
			sourceTree = "<group>";
		};
		7925F9AE17B9B7260007B877 /* Supporting Files */ = {
			isa = PBXGroup;
			children = (
				7925F9B317B9B7260007B877 /* main.m */,
				7925F9BF17B9B7270007B877 /* Images.xcassets */,
				7925F9B617B9B7260007B877 /* CardGameAppDelegate.h */,
				7925F9B717B9B7260007B877 /* CardGameAppDelegate.m */,
				7925F9AF17B9B7260007B877 /* Matchismo-Info.plist */,
				7925F9B017B9B7260007B877 /* InfoPlist.strings */,
				7925F9B517B9B7260007B877 /* Matchismo-Prefix.pch */,
			);
			name = "Supporting Files";
			sourceTree = "<group>";
		};
		7925F9CC17B9B7270007B877 /* MatchismoTests */ = {
			isa = PBXGroup;
			children = (
				7925F9D217B9B7270007B877 /* MatchismoTests.m */,
				7925F9CD17B9B7270007B877 /* Supporting Files */,
			);
			path = MatchismoTests;
			sourceTree = "<group>";
		};
		7925F9CD17B9B7270007B877 /* Supporting Files */ = {
			isa = PBXGroup;
			children = (
				7925F9CE17B9B7270007B877 /* MatchismoTests-Info.plist */,
				7925F9CF17B9B7270007B877 /* InfoPlist.strings */,
			);
			name = "Supporting Files";
			sourceTree = "<group>";
		};
		79C6FB3017BA81300022BB4E /* model */ = {
			isa = PBXGroup;
			children = (
				7938C00017C46AAB000D8CBB /* emotMatchingGame.h */,
				7938C00117C46AAB000D8CBB /* emotMatchingGame.m */,
				79C6FB3317BA835A0022BB4E /* Card.h */,
				79C6FB3417BA835A0022BB4E /* Card.m */,
				79C8E9B017BB0F54001D7836 /* Deck.h */,
				79C8E9B117BB0F54001D7836 /* Deck.m */,
				79C6FB3617BA88A10022BB4E /* PlayingCard.h */,
				79C6FB3717BA88A10022BB4E /* PlayingCard.m */,
				7938C00317C46B8A000D8CBB /* EmotCard.h */,
				7938C00417C46B8A000D8CBB /* EmotCard.m */,
				79DA163217C46E7B00C77860 /* EmotCardDeck.h */,
				79DA163317C46E7B00C77860 /* EmotCardDeck.m */,
				79C8E9B317BB15EB001D7836 /* PlayingCardDeck.h */,
				79C8E9B417BB15EB001D7836 /* PlayingCardDeck.m */,
				79D9DF8817BBF91400B47771 /* CardMatchingGame.h */,
				79D9DF8917BBF91400B47771 /* CardMatchingGame.m */,
			);
			name = model;
			sourceTree = "<group>";
		};
		79C6FB3117BA81910022BB4E /* view */ = {
			isa = PBXGroup;
			children = (
				7925F9B917B9B7260007B877 /* Main.storyboard */,
			);
			name = view;
			sourceTree = "<group>";
		};
		79C6FB3217BA81B10022BB4E /* controller */ = {
			isa = PBXGroup;
			children = (
				79DA163817C472A600C77860 /* PictureGameViewController.h */,
				79DA163917C472A600C77860 /* PictureGameViewController.m */,
				7925F9BC17B9B7270007B877 /* CardGameViewController.h */,
				7925F9BD17B9B7270007B877 /* CardGameViewController.m */,
			);
			name = controller;
			sourceTree = "<group>";
		};
/* End PBXGroup section */

/* Begin PBXNativeTarget section */
		7925F9A317B9B7260007B877 /* Matchismo */ = {
			isa = PBXNativeTarget;
			buildConfigurationList = 7925F9D617B9B7270007B877 /* Build configuration list for PBXNativeTarget "Matchismo" */;
			buildPhases = (
				7925F9A017B9B7260007B877 /* Sources */,
				7925F9A117B9B7260007B877 /* Frameworks */,
				7925F9A217B9B7260007B877 /* Resources */,
			);
			buildRules = (
			);
			dependencies = (
			);
			name = Matchismo;
			productName = Matchismo;
			productReference = 7925F9A417B9B7260007B877 /* Matchismo.app */;
			productType = "com.apple.product-type.application";
		};
		7925F9C417B9B7270007B877 /* MatchismoTests */ = {
			isa = PBXNativeTarget;
			buildConfigurationList = 7925F9D917B9B7270007B877 /* Build configuration list for PBXNativeTarget "MatchismoTests" */;
			buildPhases = (
				7925F9C117B9B7270007B877 /* Sources */,
				7925F9C217B9B7270007B877 /* Frameworks */,
				7925F9C317B9B7270007B877 /* Resources */,
			);
			buildRules = (
			);
			dependencies = (
				7925F9CB17B9B7270007B877 /* PBXTargetDependency */,
			);
			name = MatchismoTests;
			productName = MatchismoTests;
			productReference = 7925F9C517B9B7270007B877 /* MatchismoTests.xctest */;
			productType = "com.apple.product-type.bundle.unit-test";
		};
/* End PBXNativeTarget section */

/* Begin PBXProject section */
		7925F99C17B9B7260007B877 /* Project object */ = {
			isa = PBXProject;
			attributes = {
				CLASSPREFIX = CardGame;
				LastUpgradeCheck = 0500;
				ORGANIZATIONNAME = "david hilton shanabrook";
				TargetAttributes = {
					7925F9A317B9B7260007B877 = {
						DevelopmentTeam = 2FASD4636B;
					};
					7925F9C417B9B7270007B877 = {
						TestTargetID = 7925F9A317B9B7260007B877;
					};
				};
			};
			buildConfigurationList = 7925F99F17B9B7260007B877 /* Build configuration list for PBXProject "Matchismo" */;
			compatibilityVersion = "Xcode 3.2";
			developmentRegion = English;
			hasScannedForEncodings = 0;
			knownRegions = (
				en,
				Base,
			);
			mainGroup = 7925F99B17B9B7260007B877;
			productRefGroup = 7925F9A517B9B7260007B877 /* Products */;
			projectDirPath = "";
			projectRoot = "";
			targets = (
				7925F9A317B9B7260007B877 /* Matchismo */,
				7925F9C417B9B7270007B877 /* MatchismoTests */,
			);
		};
/* End PBXProject section */

/* Begin PBXResourcesBuildPhase section */
		7925F9A217B9B7260007B877 /* Resources */ = {
			isa = PBXResourcesBuildPhase;
			buildActionMask = 2147483647;
			files = (
				7925F9C017B9B7270007B877 /* Images.xcassets in Resources */,
				7925F9B217B9B7260007B877 /* InfoPlist.strings in Resources */,
				7925F9BB17B9B7270007B877 /* Main.storyboard in Resources */,
			);
			runOnlyForDeploymentPostprocessing = 0;
		};
		7925F9C317B9B7270007B877 /* Resources */ = {
			isa = PBXResourcesBuildPhase;
			buildActionMask = 2147483647;
			files = (
				7925F9D117B9B7270007B877 /* InfoPlist.strings in Resources */,
			);
			runOnlyForDeploymentPostprocessing = 0;
		};
/* End PBXResourcesBuildPhase section */

/* Begin PBXSourcesBuildPhase section */
		7925F9A017B9B7260007B877 /* Sources */ = {
			isa = PBXSourcesBuildPhase;
			buildActionMask = 2147483647;
			files = (
				7938C00517C46B8A000D8CBB /* EmotCard.m in Sources */,
				7925F9B817B9B7260007B877 /* CardGameAppDelegate.m in Sources */,
				7938C00217C46AAB000D8CBB /* emotMatchingGame.m in Sources */,
				7925F9BE17B9B7270007B877 /* CardGameViewController.m in Sources */,
				7925F9B417B9B7260007B877 /* main.m in Sources */,
				79C6FB3817BA88A10022BB4E /* PlayingCard.m in Sources */,
				79D9DF8A17BBF91400B47771 /* CardMatchingGame.m in Sources */,
				79C8E9B517BB15EB001D7836 /* PlayingCardDeck.m in Sources */,
				79C8E9B217BB0F54001D7836 /* Deck.m in Sources */,
				79DA163417C46E7B00C77860 /* EmotCardDeck.m in Sources */,
				79C6FB3517BA835A0022BB4E /* Card.m in Sources */,
				79DA163A17C472A600C77860 /* PictureGameViewController.m in Sources */,
			);
			runOnlyForDeploymentPostprocessing = 0;
		};
		7925F9C117B9B7270007B877 /* Sources */ = {
			isa = PBXSourcesBuildPhase;
			buildActionMask = 2147483647;
			files = (
				7925F9D317B9B7270007B877 /* MatchismoTests.m in Sources */,
			);
			runOnlyForDeploymentPostprocessing = 0;
		};
/* End PBXSourcesBuildPhase section */

/* Begin PBXTargetDependency section */
		7925F9CB17B9B7270007B877 /* PBXTargetDependency */ = {
			isa = PBXTargetDependency;
			target = 7925F9A317B9B7260007B877 /* Matchismo */;
			targetProxy = 7925F9CA17B9B7270007B877 /* PBXContainerItemProxy */;
		};
/* End PBXTargetDependency section */

/* Begin PBXVariantGroup section */
		7925F9B017B9B7260007B877 /* InfoPlist.strings */ = {
			isa = PBXVariantGroup;
			children = (
				7925F9B117B9B7260007B877 /* en */,
			);
			name = InfoPlist.strings;
			sourceTree = "<group>";
		};
		7925F9B917B9B7260007B877 /* Main.storyboard */ = {
			isa = PBXVariantGroup;
			children = (
				7925F9BA17B9B7270007B877 /* Base */,
			);
			name = Main.storyboard;
			sourceTree = "<group>";
		};
		7925F9CF17B9B7270007B877 /* InfoPlist.strings */ = {
			isa = PBXVariantGroup;
			children = (
				7925F9D017B9B7270007B877 /* en */,
			);
			name = InfoPlist.strings;
			sourceTree = "<group>";
		};
/* End PBXVariantGroup section */

/* Begin XCBuildConfiguration section */
		7925F9D417B9B7270007B877 /* Debug */ = {
			isa = XCBuildConfiguration;
			buildSettings = {
				ALWAYS_SEARCH_USER_PATHS = NO;
				CLANG_CXX_LANGUAGE_STANDARD = "gnu++0x";
				CLANG_CXX_LIBRARY = "libc++";
				CLANG_ENABLE_MODULES = YES;
				CLANG_ENABLE_OBJC_ARC = YES;
				CLANG_WARN_BOOL_CONVERSION = YES;
				CLANG_WARN_CONSTANT_CONVERSION = YES;
				CLANG_WARN_DIRECT_OBJC_ISA_USAGE = YES_ERROR;
				CLANG_WARN_EMPTY_BODY = YES;
				CLANG_WARN_ENUM_CONVERSION = YES;
				CLANG_WARN_INT_CONVERSION = YES;
				CLANG_WARN_OBJC_ROOT_CLASS = YES_ERROR;
				CLANG_WARN__DUPLICATE_METHOD_MATCH = YES;
				"CODE_SIGN_IDENTITY[sdk=iphoneos*]" = "iPhone Developer";
				COPY_PHASE_STRIP = NO;
				GCC_C_LANGUAGE_STANDARD = gnu99;
				GCC_DYNAMIC_NO_PIC = NO;
				GCC_OPTIMIZATION_LEVEL = 0;
				GCC_PREPROCESSOR_DEFINITIONS = (
					"DEBUG=1",
					"$(inherited)",
				);
				GCC_SYMBOLS_PRIVATE_EXTERN = NO;
				GCC_WARN_ABOUT_RETURN_TYPE = YES_ERROR;
				GCC_WARN_UNDECLARED_SELECTOR = YES;
				GCC_WARN_UNINITIALIZED_AUTOS = YES;
				GCC_WARN_UNUSED_FUNCTION = YES;
				GCC_WARN_UNUSED_VARIABLE = YES;
				IPHONEOS_DEPLOYMENT_TARGET = 7.0;
				ONLY_ACTIVE_ARCH = YES;
				SDKROOT = iphoneos;
			};
			name = Debug;
		};
		7925F9D517B9B7270007B877 /* Release */ = {
			isa = XCBuildConfiguration;
			buildSettings = {
				ALWAYS_SEARCH_USER_PATHS = NO;
				CLANG_CXX_LANGUAGE_STANDARD = "gnu++0x";
				CLANG_CXX_LIBRARY = "libc++";
				CLANG_ENABLE_MODULES = YES;
				CLANG_ENABLE_OBJC_ARC = YES;
				CLANG_WARN_BOOL_CONVERSION = YES;
				CLANG_WARN_CONSTANT_CONVERSION = YES;
				CLANG_WARN_DIRECT_OBJC_ISA_USAGE = YES_ERROR;
				CLANG_WARN_EMPTY_BODY = YES;
				CLANG_WARN_ENUM_CONVERSION = YES;
				CLANG_WARN_INT_CONVERSION = YES;
				CLANG_WARN_OBJC_ROOT_CLASS = YES_ERROR;
				CLANG_WARN__DUPLICATE_METHOD_MATCH = YES;
				"CODE_SIGN_IDENTITY[sdk=iphoneos*]" = "iPhone Developer";
				COPY_PHASE_STRIP = YES;
				ENABLE_NS_ASSERTIONS = NO;
				GCC_C_LANGUAGE_STANDARD = gnu99;
				GCC_WARN_ABOUT_RETURN_TYPE = YES_ERROR;
				GCC_WARN_UNDECLARED_SELECTOR = YES;
				GCC_WARN_UNINITIALIZED_AUTOS = YES;
				GCC_WARN_UNUSED_FUNCTION = YES;
				GCC_WARN_UNUSED_VARIABLE = YES;
				IPHONEOS_DEPLOYMENT_TARGET = 7.0;
				SDKROOT = iphoneos;
				VALIDATE_PRODUCT = YES;
			};
			name = Release;
		};
		7925F9D717B9B7270007B877 /* Debug */ = {
			isa = XCBuildConfiguration;
			buildSettings = {
				ASSETCATALOG_COMPILER_APPICON_NAME = AppIcon;
				ASSETCATALOG_COMPILER_LAUNCHIMAGE_NAME = LaunchImage;
				CODE_SIGN_IDENTITY = "iPhone Developer";
				GCC_PRECOMPILE_PREFIX_HEADER = YES;
				GCC_PREFIX_HEADER = "Matchismo/Matchismo-Prefix.pch";
				INFOPLIST_FILE = "Matchismo/Matchismo-Info.plist";
				PRODUCT_NAME = "$(TARGET_NAME)";
				WRAPPER_EXTENSION = app;
			};
			name = Debug;
		};
		7925F9D817B9B7270007B877 /* Release */ = {
			isa = XCBuildConfiguration;
			buildSettings = {
				ASSETCATALOG_COMPILER_APPICON_NAME = AppIcon;
				ASSETCATALOG_COMPILER_LAUNCHIMAGE_NAME = LaunchImage;
				CODE_SIGN_IDENTITY = "iPhone Developer";
				GCC_PRECOMPILE_PREFIX_HEADER = YES;
				GCC_PREFIX_HEADER = "Matchismo/Matchismo-Prefix.pch";
				INFOPLIST_FILE = "Matchismo/Matchismo-Info.plist";
				PRODUCT_NAME = "$(TARGET_NAME)";
				WRAPPER_EXTENSION = app;
			};
			name = Release;
		};
		7925F9DA17B9B7270007B877 /* Debug */ = {
			isa = XCBuildConfiguration;
			buildSettings = {
				BUNDLE_LOADER = "$(BUILT_PRODUCTS_DIR)/Matchismo.app/Matchismo";
				FRAMEWORK_SEARCH_PATHS = (
					"$(SDKROOT)/Developer/Library/Frameworks",
					"$(inherited)",
					"$(DEVELOPER_FRAMEWORKS_DIR)",
				);
				GCC_PRECOMPILE_PREFIX_HEADER = YES;
				GCC_PREFIX_HEADER = "Matchismo/Matchismo-Prefix.pch";
				GCC_PREPROCESSOR_DEFINITIONS = (
					"DEBUG=1",
					"$(inherited)",
				);
				INFOPLIST_FILE = "MatchismoTests/MatchismoTests-Info.plist";
				PRODUCT_NAME = "$(TARGET_NAME)";
				TEST_HOST = "$(BUNDLE_LOADER)";
				WRAPPER_EXTENSION = xctest;
			};
			name = Debug;
		};
		7925F9DB17B9B7270007B877 /* Release */ = {
			isa = XCBuildConfiguration;
			buildSettings = {
				BUNDLE_LOADER = "$(BUILT_PRODUCTS_DIR)/Matchismo.app/Matchismo";
				FRAMEWORK_SEARCH_PATHS = (
					"$(SDKROOT)/Developer/Library/Frameworks",
					"$(inherited)",
					"$(DEVELOPER_FRAMEWORKS_DIR)",
				);
				GCC_PRECOMPILE_PREFIX_HEADER = YES;
				GCC_PREFIX_HEADER = "Matchismo/Matchismo-Prefix.pch";
				INFOPLIST_FILE = "MatchismoTests/MatchismoTests-Info.plist";
				PRODUCT_NAME = "$(TARGET_NAME)";
				TEST_HOST = "$(BUNDLE_LOADER)";
				WRAPPER_EXTENSION = xctest;
			};
			name = Release;
		};
/* End XCBuildConfiguration section */

/* Begin XCConfigurationList section */
		7925F99F17B9B7260007B877 /* Build configuration list for PBXProject "Matchismo" */ = {
			isa = XCConfigurationList;
			buildConfigurations = (
				7925F9D417B9B7270007B877 /* Debug */,
				7925F9D517B9B7270007B877 /* Release */,
			);
			defaultConfigurationIsVisible = 0;
			defaultConfigurationName = Release;
		};
		7925F9D617B9B7270007B877 /* Build configuration list for PBXNativeTarget "Matchismo" */ = {
			isa = XCConfigurationList;
			buildConfigurations = (
				7925F9D717B9B7270007B877 /* Debug */,
				7925F9D817B9B7270007B877 /* Release */,
			);
			defaultConfigurationIsVisible = 0;
			defaultConfigurationName = Release;
		};
		7925F9D917B9B7270007B877 /* Build configuration list for PBXNativeTarget "MatchismoTests" */ = {
			isa = XCConfigurationList;
			buildConfigurations = (
				7925F9DA17B9B7270007B877 /* Debug */,
				7925F9DB17B9B7270007B877 /* Release */,
			);
			defaultConfigurationIsVisible = 0;
			defaultConfigurationName = Release;
		};
/* End XCConfigurationList section */
	};
	rootObject = 7925F99C17B9B7260007B877 /* Project object */;
}
